
Microsoft Visual Studio Solution File, Format Version 12.00
# Visual Studio Version 17
VisualStudioVersion = 17.9.34701.34
MinimumVisualStudioVersion = 10.0.40219.1
Project("{9A19103F-16F7-4668-BE54-9A1E7A4F7556}") = "TRPG_Simulator.ConsoleApp", "TRPG_Simulator.ConsoleApp.csproj", "{87A6DE2E-46CC-4B71-889E-DAFC138A275C}"
EndProject
Global
	GlobalSection(SolutionConfigurationPlatforms) = preSolution
		Debug|Any CPU = Debug|Any CPU
		Release|Any CPU = Release|Any CPU
	EndGlobalSection
	GlobalSection(ProjectConfigurationPlatforms) = postSolution
		{87A6DE2E-46CC-4B71-889E-DAFC138A275C}.Debug|Any CPU.ActiveCfg = Debug|Any CPU
		{87A6DE2E-46CC-4B71-889E-DAFC138A275C}.Debug|Any CPU.Build.0 = Debug|Any CPU
		{87A6DE2E-46CC-4B71-889E-DAFC138A275C}.Release|Any CPU.ActiveCfg = Release|Any CPU
		{87A6DE2E-46CC-4B71-889E-DAFC138A275C}.Release|Any CPU.Build.0 = Release|Any CPU
	EndGlobalSection
	GlobalSection(SolutionProperties) = preSolution
		HideSolutionNode = FALSE
	EndGlobalSection
	GlobalSection(ExtensibilityGlobals) = postSolution
		SolutionGuid = {271B98B5-FE8A-46C5-BCBE-D0CDAAB23D8C}
	EndGlobalSection
EndGlobal
